# This file is autogenerated, do not edit; changes may be undone by the next 'dep ensure'.


[[projects]]
  digest = "1:66e8ee7ce0244de8a4d49823042a021151ae4ba102a4428f4fe7cfa0c3fb9f04"
  name = "git.apache.org/thrift.git"
  packages = ["lib/go/thrift"]
  pruneopts = "UT"
  revision = "384647d290e2e4a55a14b1b7ef1b7e66293a2c33"
  version = "v0.12.0"

[[projects]]
  branch = "master"
  digest = "1:3e929e11d284c12f10ae6d22d3da576207835fc93fbbad2a46ad3c10a756a18b"
  name = "github.com/RussellLuo/timingwheel"
  packages = ["."]
  pruneopts = "UT"
  revision = "2351d92255c6fe40455555440d7033a2e599e027"

[[projects]]
  branch = "master"
  digest = "1:e05c7b72aeba7570b1d2f9c6dc9f0373d224b16b70fa886c504de867bffe1c2e"
  name = "github.com/aead/chacha20"
  packages = [
    ".",
    "chacha",
  ]
  pruneopts = "UT"
  revision = "8b13a72661dae6e9e5dea04f344f0dc95ea29547"

[[projects]]
  digest = "1:23bcd0d21f5ef2f434255fb3431e01e74e52f7604cae1c8bb29163cfdcfa7232"
  name = "github.com/anacrolix/missinggo"
  packages = [
    ".",
    "inproc",
    "perf",
    "pproffd",
  ]
  pruneopts = "UT"
  revision = "cb6c13c0090099c4d350be2679d11c190c6f10a1"
  version = "v0.1.0"

[[projects]]
  branch = "master"
  digest = "1:3adb53977686df2c767d57feaba122fa813df4b7d7a8a79c0bfcb47222e57ffc"
  name = "github.com/anacrolix/sync"
  packages = ["."]
  pruneopts = "UT"
  revision = "44578de4e778a60bb7a9c15ab60b3f0b0311a53a"

[[projects]]
  branch = "master"
  digest = "1:c8c563c60665dd4b185e3c042d12e915b3dd6129d5477ae313914dce59c7319d"
  name = "github.com/anacrolix/utp"
  packages = ["."]
  pruneopts = "UT"
  revision = "9e0e1d1d0572f5a09a669d4ea0372d8e8078dcc9"

[[projects]]
  branch = "master"
  digest = "1:fc7a1ae391df8ba7f6f96bb2555cc3f91e3a478e5f485d0871a7028a35aec2f1"
  name = "github.com/aperdana/batcher"
  packages = ["."]
  pruneopts = "UT"
  revision = "b8723add8ba2eff82f98a9c8704015d56aeaa35c"

[[projects]]
  digest = "1:6c0f1bc4d83abbdcb860204b7935b5cf072d449e225c33946b68968aa06d20a0"
  name = "github.com/armon/go-metrics"
  packages = ["."]
  pruneopts = "UT"
  revision = "3df31a1ada83e310c2e24b267c8e8b68836547b4"

[[projects]]
  branch = "develop"
  digest = "1:e5d8b169866840b22ecb59b9611cc4a43c0326c1ea4efefec98ad7cf71fdca34"
  name = "github.com/astaxie/beego"
  packages = ["httplib"]
  pruneopts = "UT"
  revision = "e22a5143bc52eb9d6c3f3f0de37ca42fbda44be6"

[[projects]]
  digest = "1:1f96c755246f1b688f1b2f0d2ba6cff5a94ceb35a7c5d06f7489e5e348ce356d"
  name = "github.com/bifurcation/mint"
  packages = [
    ".",
    "syntax",
  ]
  pruneopts = "UT"
  revision = "93c51c6ce11597a26e246fc33a301d62d3439cd2"

[[projects]]
  digest = "1:166438587ed45ac211dab8a3ecebf4fa0c186d0db63430fb9127bbc2e5fcdc67"
  name = "github.com/cenk/backoff"
  packages = ["."]
  pruneopts = "UT"
  revision = "1e4cf3da559842a91afcb6ea6141451e6c30c618"
  version = "v2.1.1"

[[projects]]
  digest = "1:166438587ed45ac211dab8a3ecebf4fa0c186d0db63430fb9127bbc2e5fcdc67"
  name = "github.com/cenkalti/backoff"
  packages = ["."]
  pruneopts = "UT"
  revision = "1e4cf3da559842a91afcb6ea6141451e6c30c618"
  version = "v2.1.1"

[[projects]]
  digest = "1:f438d91be142877c3ad83157992c91de787ddfbddcc2a7da1ef6ef61606cadc4"
  name = "github.com/cheekybits/genny"
  packages = ["generic"]
  pruneopts = "UT"
  revision = "9127e812e1e9e501ce899a18121d316ecb52e4ba"

[[projects]]
  digest = "1:31d2bddbbacf2cc94ca347e28fabea54e5be83c7c5303fc8be9acee5a7c99dc5"
  name = "github.com/coreos/etcd"
  packages = [
    "client",
    "pkg/pathutil",
    "pkg/srv",
    "pkg/types",
    "version",
  ]
  pruneopts = "UT"
  revision = "d57e8b8d97adfc4a6c224fe116714bf1a1f3beb9"
  version = "v3.3.12"

[[projects]]
  digest = "1:0ef770954bca104ee99b3b6b7f9b240605ac03517d9f98cbc1893daa03f3c038"
  name = "github.com/coreos/go-semver"
  packages = ["semver"]
  pruneopts = "UT"
  revision = "8ab6407b697782a06568d4b7f1db25550ec2e4c6"
  version = "v0.2.0"

[[projects]]
  digest = "1:76d0f668549352256bf2869920be47c566083e0d8fac3a791b3871a3cca04e23"
  name = "github.com/docker/libkv"
  packages = [
    ".",
    "store",
    "store/consul",
    "store/etcd",
    "store/zookeeper",
  ]
  pruneopts = "UT"
  revision = "aabc039ad04deb721e234f99cd1b4aa28ac71a40"
  version = "v0.2.1"

[[projects]]
  branch = "master"
  digest = "1:621c2c8dab86b2453f8068d84ed14aaa879d746be13c29e03973c5d59a73c031"
  name = "github.com/dropbox/godropbox"
  packages = ["errors"]
  pruneopts = "UT"
  revision = "31879d3884b90dd94c44c85c0e4f1aff3bbb90e2"

[[projects]]
  branch = "master"
  digest = "1:5fe3f6ede1c208a2efd3b78fe4df0306aa9624edd39476143d14f0326e5a8d29"
  name = "github.com/facebookgo/clock"
  packages = ["."]
  pruneopts = "UT"
  revision = "600d898af40aa09a7a93ecb9265d87b0504b6f03"

[[projects]]
  digest = "1:865079840386857c809b72ce300be7580cb50d3d3129ce11bf9aa6ca2bc1934a"
  name = "github.com/fatih/color"
  packages = ["."]
  pruneopts = "UT"
  revision = "5b77d2a35fb0ede96d138fc9a99f5c9b6aef11b4"
  version = "v1.7.0"

[[projects]]
  branch = "master"
  digest = "1:78102ee4d536347316bc42e818340cc50902e45dbd7fdd524c5a1fc0cb07b588"
  name = "github.com/globalsign/mgo"
  packages = [
    ".",
    "bson",
    "internal/json",
    "internal/sasl",
    "internal/scram",
  ]
  pruneopts = "UT"
  revision = "eeefdecb41b842af6dc652aaea4026e8403e62df"

[[projects]]
  branch = "master"
  digest = "1:dec1cfc7a0d3bfe719248d8a59f966d53a7a35c8444eaea314da436fe385fcc7"
  name = "github.com/go-sql-driver/mysql"
  packages = ["."]
  pruneopts = "UT"
  revision = "361f66ef3b53de1f16b7f2af9ef38a6c159ceb3e"

[[projects]]
  digest = "1:48092bf6632f55839850666c33469f546f6d45fdbd59a66759ec12e84d853dc2"
  name = "github.com/gogo/protobuf"
  packages = ["proto"]
  pruneopts = "UT"
  revision = "ba06b47c162d49f2af050fb4c75bcbc86a159d5c"
  version = "v1.2.1"

[[projects]]
  branch = "master"
  digest = "1:8715cd47fd0fa392884aab36611f25631b1540e7a21c5df171af3e397b42f302"
  name = "github.com/golang/protobuf"
  packages = ["proto"]
  pruneopts = "UT"
  revision = "7716a980bceefe9a0213654823d9ea62d23b87a2"

[[projects]]
  branch = "master"
  digest = "1:f322d5d66aaa117b93e47a4007100902306984edd4f056e14587b34e78a9ec1d"
  name = "github.com/gomodule/redigo"
  packages = [
    "internal",
    "redis",
  ]
  pruneopts = "UT"
  revision = "2cd21d9966bf7ff9ae091419744f0b3fb0fecace"

[[projects]]
  branch = "master"
  digest = "1:236d7e1bdb50d8f68559af37dbcf9d142d56b431c9b2176d41e2a009b664cda8"
  name = "github.com/google/uuid"
  packages = ["."]
  pruneopts = "UT"
  revision = "9b3b1e0f5f99ae461456d768e7d301a7acdaa2d8"

[[projects]]
  branch = "master"
  digest = "1:643cc48e690e55533a965765610f5e4ab33761261d390483b26518e2962520c7"
  name = "github.com/grandcat/zeroconf"
  packages = ["."]
  pruneopts = "UT"
  revision = "c2d1b4121200e6bf8490af806aa6f3dc6d37446b"

[[projects]]
  digest = "1:1b9c99915ccf7df1e6085259ebf137a7b11fab87f47c382b3ec7a7ab51fbe2d8"
  name = "github.com/hashicorp/consul"
  packages = ["api"]
  pruneopts = "UT"
  revision = "c97c712e96e0e53308054d5e1180289fe02dce38"
  version = "v1.4.2"

[[projects]]
  digest = "1:0ade334594e69404d80d9d323445d2297ff8161637f9b2d347cc6973d2d6f05b"
  name = "github.com/hashicorp/errwrap"
  packages = ["."]
  pruneopts = "UT"
  revision = "8a6fb523712970c966eefc6b39ed2c5e74880354"
  version = "v1.0.0"

[[projects]]
  digest = "1:77cb3be9b21ba7f1a4701e870c84ea8b66e7d74c7c8951c58155fdadae9414ec"
  name = "github.com/hashicorp/go-cleanhttp"
  packages = ["."]
  pruneopts = "UT"
  revision = "d5fe4b57a186c716b0e00b8c301cbd9b4182694d"

[[projects]]
  digest = "1:f668349b83f7d779567c880550534addeca7ebadfdcf44b0b9c39be61864b4b7"
  name = "github.com/hashicorp/go-multierror"
  packages = ["."]
  pruneopts = "UT"
  revision = "886a7fbe3eb1c874d46f623bfa70af45f425b3d1"
  version = "v1.0.0"

[[projects]]
  digest = "1:07aebcfa3f8b07d58c5a21ca48c31dd048c94b91c67ba93b26a5f225b5f5fcdb"
  name = "github.com/hashicorp/go-rootcerts"
  packages = ["."]
  pruneopts = "UT"
  revision = "6bb64b370b90e7ef1fa532be9e591a81c3493e00"

[[projects]]
  digest = "1:cf296baa185baae04a9a7004efee8511d08e2f5f51d4cbe5375da89722d681db"
  name = "github.com/hashicorp/golang-lru"
  packages = [
    ".",
    "simplelru",
  ]
  pruneopts = "UT"
  revision = "0fb14efe8c47ae851c0034ed7a448854d3d34cf3"

[[projects]]
  digest = "1:acc81e4e4289587b257ccdfccbc6eaf16d4c2fb57dda73c6bb349bf50f02501f"
  name = "github.com/hashicorp/serf"
  packages = ["coordinate"]
  pruneopts = "UT"
  revision = "65da6f27f6e551e03d99364ecc0607e91e526b00"

[[projects]]
  digest = "1:f9a5e090336881be43cfc1cf468330c1bdd60abdc9dd194e0b1ab69f4b94dd7c"
  name = "github.com/huandu/xstrings"
  packages = ["."]
  pruneopts = "UT"
  revision = "f02667b379e2fb5916c3cda2cf31e0eb885d79f8"
  version = "v1.2.0"

[[projects]]
  branch = "master"
  digest = "1:a89cb8146ddad083ea0a446d5a3d82f244c4afa883851e06ac5d5af81968332b"
  name = "github.com/influxdata/influxdb1-client"
  packages = [
    ".",
    "models",
    "pkg/escape",
  ]
  pruneopts = "UT"
  revision = "16c852ea613fa2d42fcdccc9a8b0802a8bdc6140"

[[projects]]
  digest = "1:190ff84d9b2ed6589088f178cba8edb4b8ecb334df4572421fb016be1ac20463"
  name = "github.com/juju/ratelimit"
  packages = ["."]
  pruneopts = "UT"
  revision = "59fac5042749a5afb9af70e813da1dd5474f0167"
  version = "1.0.1"

[[projects]]
  digest = "1:f97285a3b0a496dcf8801072622230d513f69175665d94de60eb042d03387f6c"
  name = "github.com/julienschmidt/httprouter"
  packages = ["."]
  pruneopts = "UT"
  revision = "348b672cd90d8190f8240323e372ecd1e66b59dc"
  version = "v1.2.0"

[[projects]]
  digest = "1:eb8e331384779e87648f6dd6551e5d7f72fb48ff5372193f7ecbd75d8675c4a0"
  name = "github.com/kavu/go_reuseport"
  packages = ["."]
  pruneopts = "UT"
  revision = "ffa96de2479e10ecd06aca8069bf9c55a86701b5"
  version = "v1.4.0"

[[projects]]
  digest = "1:2d643962fac133904694fffa959bc3c5dcfdcee38c6f5ffdd99a3c93eb9c835c"
  name = "github.com/klauspost/cpuid"
  packages = ["."]
  pruneopts = "UT"
  revision = "e7e905edc00ea8827e58662220139109efea09db"
  version = "v1.2.0"

[[projects]]
  digest = "1:52878abb9bc4e644eadd9a0d3a89642e9a629c869c3297983c71b0c17b055a6b"
  name = "github.com/klauspost/reedsolomon"
  packages = ["."]
  pruneopts = "UT"
  revision = "79aee05119581c04038a4566d047b6dc58a8817b"
  version = "v1.9.0"

[[projects]]
  branch = "master"
  digest = "1:0a69a1c0db3591fcefb47f115b224592c8dfa4368b7ba9fae509d5e16cdc95c8"
  name = "github.com/konsorten/go-windows-terminal-sequences"
  packages = ["."]
  pruneopts = "UT"
  revision = "5c8c8bd35d3832f5d134ae1e1e375b69a4d25242"

[[projects]]
  branch = "master"
  digest = "1:3e63783cca1101798e35684ef1013a792243b0cd75b5da6f57173a3c654b9e5b"
  name = "github.com/looplab/fsm"
  packages = ["."]
  pruneopts = "UT"
  revision = "f980bdb68a8962823200eafe6c0aa99e917be0d7"

[[projects]]
  branch = "master"
  digest = "1:6fe6fc7707d8c37fb305362a324462d898bc1c01eaa2bfe15383ec21f6540c71"
  name = "github.com/lucas-clemente/aes12"
  packages = ["."]
  pruneopts = "UT"
  revision = "cd47fb39b79f867c6e4e5cd39cf7abd799f71670"

[[projects]]
  digest = "1:1ad9a965caa82881bd2ef1f0b155b4dc536c4f00d2d9f67d0b9b4ba6dcda21f1"
  name = "github.com/lucas-clemente/quic-go"
  packages = [
    ".",
    "internal/ackhandler",
    "internal/congestion",
    "internal/crypto",
    "internal/flowcontrol",
    "internal/handshake",
    "internal/protocol",
    "internal/utils",
    "internal/wire",
    "qerr",
  ]
  pruneopts = "UT"
  revision = "714f38d5d0aff85894fd890718b991e361f03e7d"
  version = "v0.10.1"

[[projects]]
  branch = "master"
  digest = "1:08b3484b0665f09be0f1f699a38e877708453795df07a3d6e4cd41fa7a2cabf0"
  name = "github.com/lucas-clemente/quic-go-certificates"
  packages = ["."]
  pruneopts = "UT"
  revision = "d2f86524cced5186554df90d92529757d22c1cb6"

[[projects]]
  branch = "master"
  digest = "1:a4b59553ce097b3864eb178323bc51fdd76a1abb62365388e0e77efa5ad0c7e0"
  name = "github.com/marten-seemann/quic-conn"
  packages = ["."]
  pruneopts = "UT"
  revision = "8a4eb85c0106dab922f911253a0203760a4a2c9a"

[[projects]]
  digest = "1:c658e84ad3916da105a761660dcaeb01e63416c8ec7bc62256a9b411a05fcd67"
  name = "github.com/mattn/go-colorable"
  packages = ["."]
  pruneopts = "UT"
  revision = "167de6bfdfba052fa6b2d3664c8f5272e23c9072"
  version = "v0.0.9"

[[projects]]
  digest = "1:0981502f9816113c9c8c4ac301583841855c8cf4da8c72f696b3ebedf6d0e4e5"
  name = "github.com/mattn/go-isatty"
  packages = ["."]
  pruneopts = "UT"
  revision = "6ca4dbf54d38eea1a992b3c722a76a5d1c4cb25c"
  version = "v0.0.4"

[[projects]]
  digest = "1:1b46adc9e3d878cdf38a164cfdac2e19340f4d2662aa5bee88062f6ee08ac9df"
  name = "github.com/miekg/dns"
  packages = ["."]
  pruneopts = "UT"
  revision = "8fc2e5773bbd308ca2fcc962fd8d25c1bd0f6743"
  version = "v1.1.4"

[[projects]]
  digest = "1:5d231480e1c64a726869bc4142d270184c419749d34f167646baa21008eb0a79"
  name = "github.com/mitchellh/go-homedir"
  packages = ["."]
  pruneopts = "UT"
  revision = "af06845cf3004701891bf4fdb884bfe4920b3727"
  version = "v1.1.0"

[[projects]]
  digest = "1:bba69fe95a60f59a68df402c23d57ffdc5596200901189958aea969c468d550f"
  name = "github.com/mitchellh/mapstructure"
  packages = ["."]
  pruneopts = "UT"
  revision = "5a380f224700b8a6c4eaad048804f5bff514cb35"

[[projects]]
  branch = "master"
  digest = "1:dfaa0b3a26f4df00ac2edaa90d231d394ff58e040c25cbc4cea3255e07c904e4"
  name = "github.com/pkg/errors"
  packages = ["."]
  pruneopts = "UT"
  revision = "c059e472caf75dbe73903f6521a20abac245b17f"

[[projects]]
  branch = "master"
  digest = "1:a16e70ee324590c9f04f5a91401df5c805939ed12ffc5c25365d67658531d386"
  name = "github.com/rcrowley/go-metrics"
  packages = [
    ".",
    "exp",
  ]
  pruneopts = "UT"
  revision = "e2704e165165ec55d062f5919b4b29494e9fa790"

[[projects]]
  digest = "1:2704976bbe3459cc3a93c0af2e9e1fc6f0a622db805bbcd1500dfe5977a7ecdf"
  name = "github.com/rubyist/circuitbreaker"
  packages = ["."]
  pruneopts = "UT"
  revision = "2074adba5ddc7d5f7559448a9c3066573521c5bf"
  version = "v2.2.1"

[[projects]]
  branch = "master"
  digest = "1:4d92d3bcd412de705100c10f0428a0b63b12f3d12455ebae46e9ea384c23b333"
  name = "github.com/samuel/go-zookeeper"
  packages = ["zk"]
  pruneopts = "UT"
  revision = "c4fab1ac1bec58281ad0667dc3f0907a9476ac47"

[[projects]]
  branch = "master"
  digest = "1:41dcd9c1d476ac6d5bb163ed0dee0b0d38405d20a22b63ac491ba508f1b46410"
  name = "github.com/sirupsen/logrus"
  packages = ["."]
  pruneopts = "UT"
  revision = "4fabf2fffcecfd47f802869b7b92d75e43c5a095"

[[projects]]
  branch = "master"
  digest = "1:fa5aa450a5e262b1091f2d4fbcfdfba42f987d7907ea7d92d9b488c5a1cc3e18"
  name = "github.com/smallnest/rpcx"
  packages = [
    "client",
    "codec",
    "errors",
    "log",
    "protocol",
    "server",
    "serverplugin",
    "share",
    "util",
  ]
  pruneopts = "UT"
  revision = "fa882ccb86dbbf8351fddb8ac7f05e2cbae8d6de"

[[projects]]
  digest = "1:30e06e6d62a1d694e3cdbff29d8a9a96022e05a487d0c6eaf0ef898965ef28fb"
  name = "github.com/soheilhy/cmux"
  packages = ["."]
  pruneopts = "UT"
  revision = "e09e9389d85d8492d313d73d1469c029e710623f"
  version = "v0.1.4"

[[projects]]
  branch = "master"
  digest = "1:9f3a60def1a1eb5ac184e71dde43c6f99606f54d106db7c95f8b8338629a777b"
  name = "github.com/tatsushid/go-fastping"
  packages = ["."]
  pruneopts = "UT"
  revision = "d7bb493dee3e090e2ffb6914adddf17c1e7c026c"

[[projects]]
  branch = "master"
  digest = "1:f10bb2efe706eea8e386fa5021281e302a58e8fa0ba9f2e31ad9ca2cb234b282"
  name = "github.com/templexxx/cpufeat"
  packages = ["."]
  pruneopts = "UT"
  revision = "cef66df7f161dee20f4d650da7268d77eaaec82d"

[[projects]]
  digest = "1:a0a269bea865974fc4d583373c984a5aa60cf98b5aa4f3e1b5de527891d37845"
  name = "github.com/templexxx/xor"
  packages = ["."]
  pruneopts = "UT"
  revision = "0af8e873c554da75f37f2049cdffda804533d44c"
  version = "0.1.2"

[[projects]]
  digest = "1:97293f3bd0b9f81484da18dba66a20de340307b43835a91157aaaee484c80e9b"
  name = "github.com/tjfoc/gmsm"
  packages = ["sm4"]
  pruneopts = "UT"
  revision = "98aa888b79d8de04afe0fccf45ed10594efc858b"
  version = "v1.1"

[[projects]]
  branch = "master"
  digest = "1:15ab6edcfdc1046bf79af14db460ee29e816fba671f571d00decf885bcbcc0cb"
  name = "github.com/u35s/rudp"
  packages = ["."]
  pruneopts = "UT"
  revision = "b384c469e8612a096d67dc948264dc2d104825c5"

[[projects]]
  digest = "1:9a6cce05588eb1d696704c425d5839580e0167c08b53a7c3db57d3de6e5ab49e"
  name = "github.com/ugorji/go"
  packages = ["codec"]
  pruneopts = "UT"
  revision = "bdcc60b419d136a85cdf2e7cbcac34b3f1cd6e57"

[[projects]]
  branch = "master"
  digest = "1:b771be9bc5e963563bbed466478f465ffcf841958210387faa9e80067a0e5e7f"
  name = "github.com/valyala/fastrand"
  packages = ["."]
  pruneopts = "UT"
  revision = "19dd0f0bf014a807b05fd196f4da235af618fc94"

[[projects]]
  digest = "1:3810ea14d85aabc511e032f8c817e4f2276af72ea4346f223725e0aaaf1f5c10"
  name = "github.com/vmihailenco/msgpack"
  packages = [
    ".",
    "codes",
  ]
  pruneopts = "UT"
  revision = "b962d79429a3c5135cca9ed528943f1551ec04df"
  version = "v4.0.2"

[[projects]]
  branch = "master"
  digest = "1:d346b9c7ae93583c75c967cdc1a6512956f95989ed236b76cb297766f4f969e6"
  name = "github.com/vrischmann/go-metrics-influxdb"
  packages = ["."]
  pruneopts = "UT"
  revision = "4457d7e0175cb32fae2bc835bbd3e36c4feffd59"

[[projects]]
  digest = "1:3f24f890a3c4bac24d9f1abf2041b67be0a5d930574e24281b0393f0ae665ae6"
  name = "github.com/xtaci/kcp-go"
  packages = ["."]
  pruneopts = "UT"
  revision = "2e7567b77e575171a7e02d39f8358bb6fc5ebe8a"
  version = "v5.0.7"

[[projects]]
  branch = "master"
  digest = "1:2e4cd37834b3726bfbe4285c8fbd5b41cdbd7a69c5488a259ebd66e4b75e3949"
  name = "golang.org/x/crypto"
  packages = [
    "blowfish",
    "cast5",
    "curve25519",
    "ed25519",
    "ed25519/internal/edwards25519",
    "hkdf",
    "internal/subtle",
    "pbkdf2",
    "salsa20",
    "salsa20/salsa",
    "ssh/terminal",
    "tea",
    "twofish",
    "xtea",
  ]
  pruneopts = "UT"
  revision = "74cb1d3d52f4c01cbfb44c1b50d204462f3124c7"

[[projects]]
  branch = "master"
  digest = "1:1ac562d8947cb26002c35765f550078a636a8746db197c92d189524b43c63535"
  name = "golang.org/x/net"
  packages = [
    "bpf",
    "context",
    "http/httpguts",
    "http2",
    "http2/hpack",
    "icmp",
    "idna",
    "internal/iana",
    "internal/socket",
    "internal/timeseries",
    "ipv4",
    "ipv6",
    "trace",
  ]
  pruneopts = "UT"
  revision = "3a22650c66bd7f4fb6d1e8072ffd7b75c8a27898"

[[projects]]
  branch = "master"
  digest = "1:62ca3f49ce225f596c1b1581e2fcbbb7710d84aa59580d48c4ed025b43aa949b"
  name = "golang.org/x/sys"
  packages = [
    "cpu",
    "unix",
    "windows",
  ]
  pruneopts = "UT"
  revision = "5cd93ef61a7c8f0f858690154eb6de2e69415fa1"

[[projects]]
  digest = "1:a2ab62866c75542dd18d2b069fec854577a20211d7c0ea6ae746072a1dccdd18"
  name = "golang.org/x/text"
  packages = [
    "collate",
    "collate/build",
    "internal/colltab",
    "internal/gen",
    "internal/tag",
    "internal/triegen",
    "internal/ucd",
    "language",
    "secure/bidirule",
    "transform",
    "unicode/bidi",
    "unicode/cldr",
    "unicode/norm",
    "unicode/rangetable",
  ]
  pruneopts = "UT"
  revision = "f21a4dfb5e38f5895301dc265a8def02365cc3d0"
  version = "v0.3.0"

[[projects]]
  digest = "1:1692e5dc773e425dc9e5137c7467f7182097cf3aca77902461dfe1868e468861"
  name = "google.golang.org/appengine"
  packages = [
    ".",
    "cloudsql",
    "datastore",
    "internal",
    "internal/app_identity",
    "internal/base",
    "internal/datastore",
    "internal/log",
    "internal/modules",
    "internal/remote_api",
  ]
  pruneopts = "UT"
  revision = "e9657d882bb81064595ca3b56cbe2546bbabf7b1"
  version = "v1.4.0"

[[projects]]
  branch = "master"
  digest = "1:342378ac4dcb378a5448dd723f0784ae519383532f5e70ade24132c4c8693202"
  name = "gopkg.in/yaml.v2"
  packages = ["."]
  pruneopts = "UT"
  revision = "5420a8b6744d3b0345ab293f6fcba19c978f1183"

[solve-meta]
  analyzer-name = "dep"
  analyzer-version = 1
  input-imports = [
    "github.com/RussellLuo/timingwheel",
    "github.com/aperdana/batcher",
    "github.com/astaxie/beego/httplib",
    "github.com/dropbox/godropbox/errors",
    "github.com/globalsign/mgo",
    "github.com/globalsign/mgo/bson",
    "github.com/go-sql-driver/mysql",
    "github.com/golang/protobuf/proto",
    "github.com/gomodule/redigo/redis",
    "github.com/google/uuid",
    "github.com/looplab/fsm",
    "github.com/pkg/errors",
    "github.com/rcrowley/go-metrics",
    "github.com/sirupsen/logrus",
    "github.com/smallnest/rpcx/client",
    "github.com/smallnest/rpcx/server",
    "github.com/smallnest/rpcx/serverplugin",
  ]
  solver-name = "gps-cdcl"
  solver-version = 1
