hash: 933754ae313e1b5af3799af3966d15352a908e535c215753f7b494b01a669fbc
updated: 2018-09-18T18:21:57.614906+08:00
imports:
- name: github.com/astaxie/beego
  version: cab8458c1c4a5a3b4bf5192922be620e6dede15b
  subpackages:
  - logs
- name: github.com/bitly/go-simplejson
  version: aabad6e819789e569bd6aabf444c935aa9ba1e44
- name: github.com/BurntSushi/toml
  version: b26d9c308763d68093482582cea63d69be07a0f0
- name: github.com/fwhappy/mahjong
  version: b524c327d18e2306ed78b684124e1818c6b7b8dc
  subpackages:
  - protocal
  - setting
- name: github.com/fwhappy/mail
  version: 5db7e165061ce11880a99c34a3449d26865d4d81
  subpackages:
  - exmail
- name: github.com/fwhappy/util
  version: b4d1afcf76329b7b9886ce556336f12103883cd0
- name: github.com/garyburd/redigo
  version: d1ed5c67e5794de818ea85e6b522fda02623a484
  subpackages:
  - internal
  - redis
- name: github.com/google/flatbuffers
  version: 20a400e940634108bad812f571582eeffc728eac
  subpackages:
  - go
testImports: []
