hash: 23adf27cd5daa00beecf1e3271af24f47878c8ff3f4590d72e88ea6657cdae14
updated: 2017-07-04T10:46:43.164961966+08:00
imports:
- name: github.com/astaxie/beego
  version: cab8458c1c4a5a3b4bf5192922be620e6dede15b
  subpackages:
  - logs
- name: github.com/bitly/go-simplejson
  version: aabad6e819789e569bd6aabf444c935aa9ba1e44
- name: github.com/BurntSushi/toml
  version: b26d9c308763d68093482582cea63d69be07a0f0
- name: github.com/fwhappy/util
  version: 78fa4c5f24f8fe0b0dd57776b776c177646ed7a5
- name: github.com/garyburd/redigo
  version: 433969511232c397de61b1442f9fd49ec06ae9ba
  subpackages:
  - internal
  - redis
- name: github.com/google/flatbuffers
  version: 25a15950f5a24d7217689739ed8f6dac64912d62
  subpackages:
  - go
testImports: []
