hash: 244d25281eeedebf9d1fe31b92bc9ead239757067b40c3f75d97170746e4b3fe
updated: 2017-05-25T19:44:43.613232444+08:00
imports:
- name: github.com/astaxie/beego
  version: cab8458c1c4a5a3b4bf5192922be620e6dede15b
  subpackages:
  - logs
- name: github.com/bitly/go-simplejson
  version: aabad6e819789e569bd6aabf444c935aa9ba1e44
- name: github.com/BurntSushi/toml
  version: b26d9c308763d68093482582cea63d69be07a0f0
- name: github.com/fwhappy/mail
  version: 7c91e64a7014246fcf3abaab3969d67f3ba7f5ea
- name: github.com/fwhappy/util
  version: 0f3df8c12b0a8ba9ba60b7a7e3861d9d9fc4a8b1
- name: github.com/garyburd/redigo
  version: 433969511232c397de61b1442f9fd49ec06ae9ba
  subpackages:
  - internal
  - redis
- name: github.com/sparrc/go-ping
  version: 416e72114cd1edce2f287648f935a60dfe6cf40e
- name: golang.org/x/net
  version: f315505cf3349909cdf013ea56690da34e96a451
  subpackages:
  - icmp
  - internal/iana
  - ipv4
  - ipv6
testImports: []
